
Microsoft Visual Studio Solution File, Format Version 12.00
# Visual Studio Version 17
VisualStudioVersion = 17.11.35222.181
MinimumVisualStudioVersion = 10.0.40219.1
Project("{2150E333-8FDC-42A3-9474-1A3956D46DE8}") = "Core", "Core", "{2D5FB365-48DB-4074-9FAC-094DC46FFA5E}"
EndProject
Project("{2150E333-8FDC-42A3-9474-1A3956D46DE8}") = "Frontends", "Frontends", "{F8958AC7-4F72-46D1-B006-B22F06D4DB80}"
EndProject
Project("{2150E333-8FDC-42A3-9474-1A3956D46DE8}") = "Infrastructure", "Infrastructure", "{10482205-6533-44F2-8F81-771E227EDCA7}"
EndProject
Project("{2150E333-8FDC-42A3-9474-1A3956D46DE8}") = "Presentation", "Presentation", "{4FE0B2D6-9728-4033-A1F7-289F2FBD95C5}"
EndProject
Project("{FAE04EC0-301F-11D3-BF4B-00C04F79EFBC}") = "MovieApi.Domain", "Core\MovieApi.Domain\MovieApi.Domain.csproj", "{2B9DFB03-61AC-4785-82D9-791252D6CEDD}"
EndProject
Project("{FAE04EC0-301F-11D3-BF4B-00C04F79EFBC}") = "MovieApi.Persistence", "Infrastructure\MovieApi.Persistence\MovieApi.Persistence.csproj", "{A670B361-9DA7-4EF8-9443-F0E714497F36}"
EndProject
Project("{FAE04EC0-301F-11D3-BF4B-00C04F79EFBC}") = "MovieApi.WebApi", "Presentation\MovieApi.WebApi\MovieApi.WebApi.csproj", "{BB651427-8C5D-4DAE-B84C-2555264644C1}"
EndProject
Project("{FAE04EC0-301F-11D3-BF4B-00C04F79EFBC}") = "MovieApi.Application", "Core\MovieApi.Application\MovieApi.Application.csproj", "{A18A07B2-64CA-4B94-9524-60E071E0B778}"
EndProject
Global
	GlobalSection(SolutionConfigurationPlatforms) = preSolution
		Debug|Any CPU = Debug|Any CPU
		Release|Any CPU = Release|Any CPU
	EndGlobalSection
	GlobalSection(ProjectConfigurationPlatforms) = postSolution
		{2B9DFB03-61AC-4785-82D9-791252D6CEDD}.Debug|Any CPU.ActiveCfg = Debug|Any CPU
		{2B9DFB03-61AC-4785-82D9-791252D6CEDD}.Debug|Any CPU.Build.0 = Debug|Any CPU
		{2B9DFB03-61AC-4785-82D9-791252D6CEDD}.Release|Any CPU.ActiveCfg = Release|Any CPU
		{2B9DFB03-61AC-4785-82D9-791252D6CEDD}.Release|Any CPU.Build.0 = Release|Any CPU
		{A670B361-9DA7-4EF8-9443-F0E714497F36}.Debug|Any CPU.ActiveCfg = Debug|Any CPU
		{A670B361-9DA7-4EF8-9443-F0E714497F36}.Debug|Any CPU.Build.0 = Debug|Any CPU
		{A670B361-9DA7-4EF8-9443-F0E714497F36}.Release|Any CPU.ActiveCfg = Release|Any CPU
		{A670B361-9DA7-4EF8-9443-F0E714497F36}.Release|Any CPU.Build.0 = Release|Any CPU
		{BB651427-8C5D-4DAE-B84C-2555264644C1}.Debug|Any CPU.ActiveCfg = Debug|Any CPU
		{BB651427-8C5D-4DAE-B84C-2555264644C1}.Debug|Any CPU.Build.0 = Debug|Any CPU
		{BB651427-8C5D-4DAE-B84C-2555264644C1}.Release|Any CPU.ActiveCfg = Release|Any CPU
		{BB651427-8C5D-4DAE-B84C-2555264644C1}.Release|Any CPU.Build.0 = Release|Any CPU
		{A18A07B2-64CA-4B94-9524-60E071E0B778}.Debug|Any CPU.ActiveCfg = Debug|Any CPU
		{A18A07B2-64CA-4B94-9524-60E071E0B778}.Debug|Any CPU.Build.0 = Debug|Any CPU
		{A18A07B2-64CA-4B94-9524-60E071E0B778}.Release|Any CPU.ActiveCfg = Release|Any CPU
		{A18A07B2-64CA-4B94-9524-60E071E0B778}.Release|Any CPU.Build.0 = Release|Any CPU
	EndGlobalSection
	GlobalSection(SolutionProperties) = preSolution
		HideSolutionNode = FALSE
	EndGlobalSection
	GlobalSection(NestedProjects) = preSolution
		{2B9DFB03-61AC-4785-82D9-791252D6CEDD} = {2D5FB365-48DB-4074-9FAC-094DC46FFA5E}
		{A670B361-9DA7-4EF8-9443-F0E714497F36} = {10482205-6533-44F2-8F81-771E227EDCA7}
		{BB651427-8C5D-4DAE-B84C-2555264644C1} = {4FE0B2D6-9728-4033-A1F7-289F2FBD95C5}
		{A18A07B2-64CA-4B94-9524-60E071E0B778} = {2D5FB365-48DB-4074-9FAC-094DC46FFA5E}
	EndGlobalSection
	GlobalSection(ExtensibilityGlobals) = postSolution
		SolutionGuid = {9F330387-6AB5-43D3-A43D-FBC52D175D4E}
	EndGlobalSection
EndGlobal
